
Microsoft Visual Studio Solution File, Format Version 12.00
# Visual Studio 15
VisualStudioVersion = 15.0.28307.1022
MinimumVisualStudioVersion = 10.0.40219.1
Project("{FAE04EC0-301F-11D3-BF4B-00C04F79EFBC}") = "linqUlearn", "linqUlearn\linqUlearn.csproj", "{50990300-0426-42FA-86BB-F54F6D535DF6}"
EndProject
Global
	GlobalSection(SolutionConfigurationPlatforms) = preSolution
		Debug|Any CPU = Debug|Any CPU
		Release|Any CPU = Release|Any CPU
	EndGlobalSection
	GlobalSection(ProjectConfigurationPlatforms) = postSolution
		{50990300-0426-42FA-86BB-F54F6D535DF6}.Debug|Any CPU.ActiveCfg = Debug|Any CPU
		{50990300-0426-42FA-86BB-F54F6D535DF6}.Debug|Any CPU.Build.0 = Debug|Any CPU
		{50990300-0426-42FA-86BB-F54F6D535DF6}.Release|Any CPU.ActiveCfg = Release|Any CPU
		{50990300-0426-42FA-86BB-F54F6D535DF6}.Release|Any CPU.Build.0 = Release|Any CPU
	EndGlobalSection
	GlobalSection(SolutionProperties) = preSolution
		HideSolutionNode = FALSE
	EndGlobalSection
	GlobalSection(ExtensibilityGlobals) = postSolution
		SolutionGuid = {B58FB779-FCDD-4089-887D-45F1D937DFE1}
	EndGlobalSection
EndGlobal
